
Microsoft Visual Studio Solution File, Format Version 12.00
# Visual Studio Version 17
VisualStudioVersion = 17.4.33213.308
MinimumVisualStudioVersion = 10.0.40219.1
Project("{9A19103F-16F7-4668-BE54-9A1E7A4F7556}") = "Service", "Service\Service.csproj", "{D0F532DB-6376-48AF-A01C-8F7E2F1EE499}"
EndProject
Project("{9A19103F-16F7-4668-BE54-9A1E7A4F7556}") = "Business", "Business\Business.csproj", "{CBA24915-AF28-4F09-885D-0B4F82372BAB}"
EndProject
Project("{9A19103F-16F7-4668-BE54-9A1E7A4F7556}") = "Common", "Common\Common.csproj", "{5546402D-B99E-400D-B5C6-BBFAA2A3119C}"
EndProject
Global
	GlobalSection(SolutionConfigurationPlatforms) = preSolution
		Debug|Any CPU = Debug|Any CPU
		Release|Any CPU = Release|Any CPU
	EndGlobalSection
	GlobalSection(ProjectConfigurationPlatforms) = postSolution
		{D0F532DB-6376-48AF-A01C-8F7E2F1EE499}.Debug|Any CPU.ActiveCfg = Debug|Any CPU
		{D0F532DB-6376-48AF-A01C-8F7E2F1EE499}.Debug|Any CPU.Build.0 = Debug|Any CPU
		{D0F532DB-6376-48AF-A01C-8F7E2F1EE499}.Release|Any CPU.ActiveCfg = Release|Any CPU
		{D0F532DB-6376-48AF-A01C-8F7E2F1EE499}.Release|Any CPU.Build.0 = Release|Any CPU
		{CBA24915-AF28-4F09-885D-0B4F82372BAB}.Debug|Any CPU.ActiveCfg = Debug|Any CPU
		{CBA24915-AF28-4F09-885D-0B4F82372BAB}.Debug|Any CPU.Build.0 = Debug|Any CPU
		{CBA24915-AF28-4F09-885D-0B4F82372BAB}.Release|Any CPU.ActiveCfg = Release|Any CPU
		{CBA24915-AF28-4F09-885D-0B4F82372BAB}.Release|Any CPU.Build.0 = Release|Any CPU
		{5546402D-B99E-400D-B5C6-BBFAA2A3119C}.Debug|Any CPU.ActiveCfg = Debug|Any CPU
		{5546402D-B99E-400D-B5C6-BBFAA2A3119C}.Debug|Any CPU.Build.0 = Debug|Any CPU
		{5546402D-B99E-400D-B5C6-BBFAA2A3119C}.Release|Any CPU.ActiveCfg = Release|Any CPU
		{5546402D-B99E-400D-B5C6-BBFAA2A3119C}.Release|Any CPU.Build.0 = Release|Any CPU
	EndGlobalSection
	GlobalSection(SolutionProperties) = preSolution
		HideSolutionNode = FALSE
	EndGlobalSection
	GlobalSection(ExtensibilityGlobals) = postSolution
		SolutionGuid = {00BB9A31-286F-4E94-8B79-85BD70686FC3}
	EndGlobalSection
EndGlobal
